// !$*UTF8*$!
{
	archiveVersion = 1;
	classes = {
	};
	objectVersion = 46;
	objects = {

/* Begin PBXBuildFile section */
		4431FFA91F585C8400CDEB21 /* AppDelegate.swift in Sources */ = {isa = PBXBuildFile; fileRef = 4431FFA81F585C8400CDEB21 /* AppDelegate.swift */; };
		4431FFAB1F585C8400CDEB21 /* ViewController.swift in Sources */ = {isa = PBXBuildFile; fileRef = 4431FFAA1F585C8400CDEB21 /* ViewController.swift */; };
		4431FFAE1F585C8400CDEB21 /* Main.storyboard in Resources */ = {isa = PBXBuildFile; fileRef = 4431FFAC1F585C8400CDEB21 /* Main.storyboard */; };
		4431FFB01F585C8400CDEB21 /* Assets.xcassets in Resources */ = {isa = PBXBuildFile; fileRef = 4431FFAF1F585C8400CDEB21 /* Assets.xcassets */; };
		4431FFB31F585C8400CDEB21 /* LaunchScreen.storyboard in Resources */ = {isa = PBXBuildFile; fileRef = 4431FFB11F585C8400CDEB21 /* LaunchScreen.storyboard */; };
		4431FFBE1F585C8400CDEB21 /* searchBarFunTests.swift in Sources */ = {isa = PBXBuildFile; fileRef = 4431FFBD1F585C8400CDEB21 /* searchBarFunTests.swift */; };
		4431FFC91F585C8400CDEB21 /* searchBarFunUITests.swift in Sources */ = {isa = PBXBuildFile; fileRef = 4431FFC81F585C8400CDEB21 /* searchBarFunUITests.swift */; };
		4431FFD71F585EFE00CDEB21 /* searchbarTextField.swift in Sources */ = {isa = PBXBuildFile; fileRef = 4431FFD61F585EFE00CDEB21 /* searchbarTextField.swift */; };
/* End PBXBuildFile section */

/* Begin PBXContainerItemProxy section */
		4431FFBA1F585C8400CDEB21 /* PBXContainerItemProxy */ = {
			isa = PBXContainerItemProxy;
			containerPortal = 4431FF9D1F585C8400CDEB21 /* Project object */;
			proxyType = 1;
			remoteGlobalIDString = 4431FFA41F585C8400CDEB21;
			remoteInfo = searchBarFun;
		};
		4431FFC51F585C8400CDEB21 /* PBXContainerItemProxy */ = {
			isa = PBXContainerItemProxy;
			containerPortal = 4431FF9D1F585C8400CDEB21 /* Project object */;
			proxyType = 1;
			remoteGlobalIDString = 4431FFA41F585C8400CDEB21;
			remoteInfo = searchBarFun;
		};
/* End PBXContainerItemProxy section */

/* Begin PBXFileReference section */
		4431FFA51F585C8400CDEB21 /* searchBarFun.app */ = {isa = PBXFileReference; explicitFileType = wrapper.application; includeInIndex = 0; path = searchBarFun.app; sourceTree = BUILT_PRODUCTS_DIR; };
		4431FFA81F585C8400CDEB21 /* AppDelegate.swift */ = {isa = PBXFileReference; lastKnownFileType = sourcecode.swift; path = AppDelegate.swift; sourceTree = "<group>"; };
		4431FFAA1F585C8400CDEB21 /* ViewController.swift */ = {isa = PBXFileReference; lastKnownFileType = sourcecode.swift; path = ViewController.swift; sourceTree = "<group>"; };
		4431FFAD1F585C8400CDEB21 /* Base */ = {isa = PBXFileReference; lastKnownFileType = file.storyboard; name = Base; path = Base.lproj/Main.storyboard; sourceTree = "<group>"; };
		4431FFAF1F585C8400CDEB21 /* Assets.xcassets */ = {isa = PBXFileReference; lastKnownFileType = folder.assetcatalog; path = Assets.xcassets; sourceTree = "<group>"; };
		4431FFB21F585C8400CDEB21 /* Base */ = {isa = PBXFileReference; lastKnownFileType = file.storyboard; name = Base; path = Base.lproj/LaunchScreen.storyboard; sourceTree = "<group>"; };
		4431FFB41F585C8400CDEB21 /* Info.plist */ = {isa = PBXFileReference; lastKnownFileType = text.plist.xml; path = Info.plist; sourceTree = "<group>"; };
		4431FFB91F585C8400CDEB21 /* searchBarFunTests.xctest */ = {isa = PBXFileReference; explicitFileType = wrapper.cfbundle; includeInIndex = 0; path = searchBarFunTests.xctest; sourceTree = BUILT_PRODUCTS_DIR; };
		4431FFBD1F585C8400CDEB21 /* searchBarFunTests.swift */ = {isa = PBXFileReference; lastKnownFileType = sourcecode.swift; path = searchBarFunTests.swift; sourceTree = "<group>"; };
		4431FFBF1F585C8400CDEB21 /* Info.plist */ = {isa = PBXFileReference; lastKnownFileType = text.plist.xml; path = Info.plist; sourceTree = "<group>"; };
		4431FFC41F585C8400CDEB21 /* searchBarFunUITests.xctest */ = {isa = PBXFileReference; explicitFileType = wrapper.cfbundle; includeInIndex = 0; path = searchBarFunUITests.xctest; sourceTree = BUILT_PRODUCTS_DIR; };
		4431FFC81F585C8400CDEB21 /* searchBarFunUITests.swift */ = {isa = PBXFileReference; lastKnownFileType = sourcecode.swift; path = searchBarFunUITests.swift; sourceTree = "<group>"; };
		4431FFCA1F585C8400CDEB21 /* Info.plist */ = {isa = PBXFileReference; lastKnownFileType = text.plist.xml; path = Info.plist; sourceTree = "<group>"; };
		4431FFD61F585EFE00CDEB21 /* searchbarTextField.swift */ = {isa = PBXFileReference; fileEncoding = 4; lastKnownFileType = sourcecode.swift; path = searchbarTextField.swift; sourceTree = "<group>"; };
/* End PBXFileReference section */

/* Begin PBXFrameworksBuildPhase section */
		4431FFA21F585C8400CDEB21 /* Frameworks */ = {
			isa = PBXFrameworksBuildPhase;
			buildActionMask = 2147483647;
			files = (
			);
			runOnlyForDeploymentPostprocessing = 0;
		};
		4431FFB61F585C8400CDEB21 /* Frameworks */ = {
			isa = PBXFrameworksBuildPhase;
			buildActionMask = 2147483647;
			files = (
			);
			runOnlyForDeploymentPostprocessing = 0;
		};
		4431FFC11F585C8400CDEB21 /* Frameworks */ = {
			isa = PBXFrameworksBuildPhase;
			buildActionMask = 2147483647;
			files = (
			);
			runOnlyForDeploymentPostprocessing = 0;
		};
/* End PBXFrameworksBuildPhase section */

/* Begin PBXGroup section */
		4431FF9C1F585C8400CDEB21 = {
			isa = PBXGroup;
			children = (
				4431FFA71F585C8400CDEB21 /* searchBarFun */,
				4431FFBC1F585C8400CDEB21 /* searchBarFunTests */,
				4431FFC71F585C8400CDEB21 /* searchBarFunUITests */,
				4431FFA61F585C8400CDEB21 /* Products */,
			);
			sourceTree = "<group>";
		};
		4431FFA61F585C8400CDEB21 /* Products */ = {
			isa = PBXGroup;
			children = (
				4431FFA51F585C8400CDEB21 /* searchBarFun.app */,
				4431FFB91F585C8400CDEB21 /* searchBarFunTests.xctest */,
				4431FFC41F585C8400CDEB21 /* searchBarFunUITests.xctest */,
			);
			name = Products;
			sourceTree = "<group>";
		};
		4431FFA71F585C8400CDEB21 /* searchBarFun */ = {
			isa = PBXGroup;
			children = (
				4431FFA81F585C8400CDEB21 /* AppDelegate.swift */,
				4431FFD81F585F0500CDEB21 /* SearchClass */,
				4431FFAA1F585C8400CDEB21 /* ViewController.swift */,
				4431FFAC1F585C8400CDEB21 /* Main.storyboard */,
				4431FFAF1F585C8400CDEB21 /* Assets.xcassets */,
				4431FFB11F585C8400CDEB21 /* LaunchScreen.storyboard */,
				4431FFB41F585C8400CDEB21 /* Info.plist */,
			);
			path = searchBarFun;
			sourceTree = "<group>";
		};
		4431FFBC1F585C8400CDEB21 /* searchBarFunTests */ = {
			isa = PBXGroup;
			children = (
				4431FFBD1F585C8400CDEB21 /* searchBarFunTests.swift */,
				4431FFBF1F585C8400CDEB21 /* Info.plist */,
			);
			path = searchBarFunTests;
			sourceTree = "<group>";
		};
		4431FFC71F585C8400CDEB21 /* searchBarFunUITests */ = {
			isa = PBXGroup;
			children = (
				4431FFC81F585C8400CDEB21 /* searchBarFunUITests.swift */,
				4431FFCA1F585C8400CDEB21 /* Info.plist */,
			);
			path = searchBarFunUITests;
			sourceTree = "<group>";
		};
		4431FFD81F585F0500CDEB21 /* SearchClass */ = {
			isa = PBXGroup;
			children = (
				4431FFD61F585EFE00CDEB21 /* searchbarTextField.swift */,
			);
			name = SearchClass;
			sourceTree = "<group>";
		};
/* End PBXGroup section */

/* Begin PBXNativeTarget section */
		4431FFA41F585C8400CDEB21 /* searchBarFun */ = {
			isa = PBXNativeTarget;
			buildConfigurationList = 4431FFCD1F585C8400CDEB21 /* Build configuration list for PBXNativeTarget "searchBarFun" */;
			buildPhases = (
				4431FFA11F585C8400CDEB21 /* Sources */,
				4431FFA21F585C8400CDEB21 /* Frameworks */,
				4431FFA31F585C8400CDEB21 /* Resources */,
			);
			buildRules = (
			);
			dependencies = (
			);
			name = searchBarFun;
			productName = searchBarFun;
			productReference = 4431FFA51F585C8400CDEB21 /* searchBarFun.app */;
			productType = "com.apple.product-type.application";
		};
		4431FFB81F585C8400CDEB21 /* searchBarFunTests */ = {
			isa = PBXNativeTarget;
			buildConfigurationList = 4431FFD01F585C8400CDEB21 /* Build configuration list for PBXNativeTarget "searchBarFunTests" */;
			buildPhases = (
				4431FFB51F585C8400CDEB21 /* Sources */,
				4431FFB61F585C8400CDEB21 /* Frameworks */,
				4431FFB71F585C8400CDEB21 /* Resources */,
			);
			buildRules = (
			);
			dependencies = (
				4431FFBB1F585C8400CDEB21 /* PBXTargetDependency */,
			);
			name = searchBarFunTests;
			productName = searchBarFunTests;
			productReference = 4431FFB91F585C8400CDEB21 /* searchBarFunTests.xctest */;
			productType = "com.apple.product-type.bundle.unit-test";
		};
		4431FFC31F585C8400CDEB21 /* searchBarFunUITests */ = {
			isa = PBXNativeTarget;
			buildConfigurationList = 4431FFD31F585C8400CDEB21 /* Build configuration list for PBXNativeTarget "searchBarFunUITests" */;
			buildPhases = (
				4431FFC01F585C8400CDEB21 /* Sources */,
				4431FFC11F585C8400CDEB21 /* Frameworks */,
				4431FFC21F585C8400CDEB21 /* Resources */,
			);
			buildRules = (
			);
			dependencies = (
				4431FFC61F585C8400CDEB21 /* PBXTargetDependency */,
			);
			name = searchBarFunUITests;
			productName = searchBarFunUITests;
			productReference = 4431FFC41F585C8400CDEB21 /* searchBarFunUITests.xctest */;
			productType = "com.apple.product-type.bundle.ui-testing";
		};
/* End PBXNativeTarget section */

/* Begin PBXProject section */
		4431FF9D1F585C8400CDEB21 /* Project object */ = {
			isa = PBXProject;
			attributes = {
				LastSwiftUpdateCheck = 0830;
				LastUpgradeCheck = 0830;
				ORGANIZATIONNAME = "Landon Vago-Hughes";
				TargetAttributes = {
					4431FFA41F585C8400CDEB21 = {
						CreatedOnToolsVersion = 8.3.3;
						DevelopmentTeam = JT5HQ7RT7B;
						ProvisioningStyle = Automatic;
					};
					4431FFB81F585C8400CDEB21 = {
						CreatedOnToolsVersion = 8.3.3;
						DevelopmentTeam = JT5HQ7RT7B;
						ProvisioningStyle = Automatic;
						TestTargetID = 4431FFA41F585C8400CDEB21;
					};
					4431FFC31F585C8400CDEB21 = {
						CreatedOnToolsVersion = 8.3.3;
						DevelopmentTeam = JT5HQ7RT7B;
						ProvisioningStyle = Automatic;
						TestTargetID = 4431FFA41F585C8400CDEB21;
					};
				};
			};
			buildConfigurationList = 4431FFA01F585C8400CDEB21 /* Build configuration list for PBXProject "searchBarFun" */;
			compatibilityVersion = "Xcode 3.2";
			developmentRegion = English;
			hasScannedForEncodings = 0;
			knownRegions = (
				en,
				Base,
			);
			mainGroup = 4431FF9C1F585C8400CDEB21;
			productRefGroup = 4431FFA61F585C8400CDEB21 /* Products */;
			projectDirPath = "";
			projectRoot = "";
			targets = (
				4431FFA41F585C8400CDEB21 /* searchBarFun */,
				4431FFB81F585C8400CDEB21 /* searchBarFunTests */,
				4431FFC31F585C8400CDEB21 /* searchBarFunUITests */,
			);
		};
/* End PBXProject section */

/* Begin PBXResourcesBuildPhase section */
		4431FFA31F585C8400CDEB21 /* Resources */ = {
			isa = PBXResourcesBuildPhase;
			buildActionMask = 2147483647;
			files = (
				4431FFB31F585C8400CDEB21 /* LaunchScreen.storyboard in Resources */,
				4431FFB01F585C8400CDEB21 /* Assets.xcassets in Resources */,
				4431FFAE1F585C8400CDEB21 /* Main.storyboard in Resources */,
			);
			runOnlyForDeploymentPostprocessing = 0;
		};
		4431FFB71F585C8400CDEB21 /* Resources */ = {
			isa = PBXResourcesBuildPhase;
			buildActionMask = 2147483647;
			files = (
			);
			runOnlyForDeploymentPostprocessing = 0;
		};
		4431FFC21F585C8400CDEB21 /* Resources */ = {
			isa = PBXResourcesBuildPhase;
			buildActionMask = 2147483647;
			files = (
			);
			runOnlyForDeploymentPostprocessing = 0;
		};
/* End PBXResourcesBuildPhase section */

/* Begin PBXSourcesBuildPhase section */
		4431FFA11F585C8400CDEB21 /* Sources */ = {
			isa = PBXSourcesBuildPhase;
			buildActionMask = 2147483647;
			files = (
				4431FFD71F585EFE00CDEB21 /* searchbarTextField.swift in Sources */,
				4431FFAB1F585C8400CDEB21 /* ViewController.swift in Sources */,
				4431FFA91F585C8400CDEB21 /* AppDelegate.swift in Sources */,
			);
			runOnlyForDeploymentPostprocessing = 0;
		};
		4431FFB51F585C8400CDEB21 /* Sources */ = {
			isa = PBXSourcesBuildPhase;
			buildActionMask = 2147483647;
			files = (
				4431FFBE1F585C8400CDEB21 /* searchBarFunTests.swift in Sources */,
			);
			runOnlyForDeploymentPostprocessing = 0;
		};
		4431FFC01F585C8400CDEB21 /* Sources */ = {
			isa = PBXSourcesBuildPhase;
			buildActionMask = 2147483647;
			files = (
				4431FFC91F585C8400CDEB21 /* searchBarFunUITests.swift in Sources */,
			);
			runOnlyForDeploymentPostprocessing = 0;
		};
/* End PBXSourcesBuildPhase section */

/* Begin PBXTargetDependency section */
		4431FFBB1F585C8400CDEB21 /* PBXTargetDependency */ = {
			isa = PBXTargetDependency;
			target = 4431FFA41F585C8400CDEB21 /* searchBarFun */;
			targetProxy = 4431FFBA1F585C8400CDEB21 /* PBXContainerItemProxy */;
		};
		4431FFC61F585C8400CDEB21 /* PBXTargetDependency */ = {
			isa = PBXTargetDependency;
			target = 4431FFA41F585C8400CDEB21 /* searchBarFun */;
			targetProxy = 4431FFC51F585C8400CDEB21 /* PBXContainerItemProxy */;
		};
/* End PBXTargetDependency section */

/* Begin PBXVariantGroup section */
		4431FFAC1F585C8400CDEB21 /* Main.storyboard */ = {
			isa = PBXVariantGroup;
			children = (
				4431FFAD1F585C8400CDEB21 /* Base */,
			);
			name = Main.storyboard;
			sourceTree = "<group>";
		};
		4431FFB11F585C8400CDEB21 /* LaunchScreen.storyboard */ = {
			isa = PBXVariantGroup;
			children = (
				4431FFB21F585C8400CDEB21 /* Base */,
			);
			name = LaunchScreen.storyboard;
			sourceTree = "<group>";
		};
/* End PBXVariantGroup section */

/* Begin XCBuildConfiguration section */
		4431FFCB1F585C8400CDEB21 /* Debug */ = {
			isa = XCBuildConfiguration;
			buildSettings = {
				ALWAYS_SEARCH_USER_PATHS = NO;
				CLANG_ANALYZER_NONNULL = YES;
				CLANG_ANALYZER_NUMBER_OBJECT_CONVERSION = YES_AGGRESSIVE;
				CLANG_CXX_LANGUAGE_STANDARD = "gnu++0x";
				CLANG_CXX_LIBRARY = "libc++";
				CLANG_ENABLE_MODULES = YES;
				CLANG_ENABLE_OBJC_ARC = YES;
				CLANG_WARN_BOOL_CONVERSION = YES;
				CLANG_WARN_CONSTANT_CONVERSION = YES;
				CLANG_WARN_DIRECT_OBJC_ISA_USAGE = YES_ERROR;
				CLANG_WARN_DOCUMENTATION_COMMENTS = YES;
				CLANG_WARN_EMPTY_BODY = YES;
				CLANG_WARN_ENUM_CONVERSION = YES;
				CLANG_WARN_INFINITE_RECURSION = YES;
				CLANG_WARN_INT_CONVERSION = YES;
				CLANG_WARN_OBJC_ROOT_CLASS = YES_ERROR;
				CLANG_WARN_SUSPICIOUS_MOVE = YES;
				CLANG_WARN_UNREACHABLE_CODE = YES;
				CLANG_WARN__DUPLICATE_METHOD_MATCH = YES;
				"CODE_SIGN_IDENTITY[sdk=iphoneos*]" = "iPhone Developer";
				COPY_PHASE_STRIP = NO;
				DEBUG_INFORMATION_FORMAT = dwarf;
				ENABLE_STRICT_OBJC_MSGSEND = YES;
				ENABLE_TESTABILITY = YES;
				GCC_C_LANGUAGE_STANDARD = gnu99;
				GCC_DYNAMIC_NO_PIC = NO;
				GCC_NO_COMMON_BLOCKS = YES;
				GCC_OPTIMIZATION_LEVEL = 0;
				GCC_PREPROCESSOR_DEFINITIONS = (
					"DEBUG=1",
					"$(inherited)",
				);
				GCC_WARN_64_TO_32_BIT_CONVERSION = YES;
				GCC_WARN_ABOUT_RETURN_TYPE = YES_ERROR;
				GCC_WARN_UNDECLARED_SELECTOR = YES;
				GCC_WARN_UNINITIALIZED_AUTOS = YES_AGGRESSIVE;
				GCC_WARN_UNUSED_FUNCTION = YES;
				GCC_WARN_UNUSED_VARIABLE = YES;
				IPHONEOS_DEPLOYMENT_TARGET = 10.3;
				MTL_ENABLE_DEBUG_INFO = YES;
				ONLY_ACTIVE_ARCH = YES;
				SDKROOT = iphoneos;
				SWIFT_ACTIVE_COMPILATION_CONDITIONS = DEBUG;
				SWIFT_OPTIMIZATION_LEVEL = "-Onone";
				TARGETED_DEVICE_FAMILY = "1,2";
			};
			name = Debug;
		};
		4431FFCC1F585C8400CDEB21 /* Release */ = {
			isa = XCBuildConfiguration;
			buildSettings = {
				ALWAYS_SEARCH_USER_PATHS = NO;
				CLANG_ANALYZER_NONNULL = YES;
				CLANG_ANALYZER_NUMBER_OBJECT_CONVERSION = YES_AGGRESSIVE;
				CLANG_CXX_LANGUAGE_STANDARD = "gnu++0x";
				CLANG_CXX_LIBRARY = "libc++";
				CLANG_ENABLE_MODULES = YES;
				CLANG_ENABLE_OBJC_ARC = YES;
				CLANG_WARN_BOOL_CONVERSION = YES;
				CLANG_WARN_CONSTANT_CONVERSION = YES;
				CLANG_WARN_DIRECT_OBJC_ISA_USAGE = YES_ERROR;
				CLANG_WARN_DOCUMENTATION_COMMENTS = YES;
				CLANG_WARN_EMPTY_BODY = YES;
				CLANG_WARN_ENUM_CONVERSION = YES;
				CLANG_WARN_INFINITE_RECURSION = YES;
				CLANG_WARN_INT_CONVERSION = YES;
				CLANG_WARN_OBJC_ROOT_CLASS = YES_ERROR;
				CLANG_WARN_SUSPICIOUS_MOVE = YES;
				CLANG_WARN_UNREACHABLE_CODE = YES;
				CLANG_WARN__DUPLICATE_METHOD_MATCH = YES;
				"CODE_SIGN_IDENTITY[sdk=iphoneos*]" = "iPhone Developer";
				COPY_PHASE_STRIP = NO;
				DEBUG_INFORMATION_FORMAT = "dwarf-with-dsym";
				ENABLE_NS_ASSERTIONS = NO;
				ENABLE_STRICT_OBJC_MSGSEND = YES;
				GCC_C_LANGUAGE_STANDARD = gnu99;
				GCC_NO_COMMON_BLOCKS = YES;
				GCC_WARN_64_TO_32_BIT_CONVERSION = YES;
				GCC_WARN_ABOUT_RETURN_TYPE = YES_ERROR;
				GCC_WARN_UNDECLARED_SELECTOR = YES;
				GCC_WARN_UNINITIALIZED_AUTOS = YES_AGGRESSIVE;
				GCC_WARN_UNUSED_FUNCTION = YES;
				GCC_WARN_UNUSED_VARIABLE = YES;
				IPHONEOS_DEPLOYMENT_TARGET = 10.3;
				MTL_ENABLE_DEBUG_INFO = NO;
				SDKROOT = iphoneos;
				SWIFT_OPTIMIZATION_LEVEL = "-Owholemodule";
				TARGETED_DEVICE_FAMILY = "1,2";
				VALIDATE_PRODUCT = YES;
			};
			name = Release;
		};
		4431FFCE1F585C8400CDEB21 /* Debug */ = {
			isa = XCBuildConfiguration;
			buildSettings = {
				ASSETCATALOG_COMPILER_APPICON_NAME = AppIcon;
				DEVELOPMENT_TEAM = JT5HQ7RT7B;
				INFOPLIST_FILE = searchBarFun/Info.plist;
				LD_RUNPATH_SEARCH_PATHS = "$(inherited) @executable_path/Frameworks";
				PRODUCT_BUNDLE_IDENTIFIER = com.searchBarFun;
				PRODUCT_NAME = "$(TARGET_NAME)";
				SWIFT_VERSION = 3.0;
			};
			name = Debug;
		};
		4431FFCF1F585C8400CDEB21 /* Release */ = {
			isa = XCBuildConfiguration;
			buildSettings = {
				ASSETCATALOG_COMPILER_APPICON_NAME = AppIcon;
				DEVELOPMENT_TEAM = JT5HQ7RT7B;
				INFOPLIST_FILE = searchBarFun/Info.plist;
				LD_RUNPATH_SEARCH_PATHS = "$(inherited) @executable_path/Frameworks";
				PRODUCT_BUNDLE_IDENTIFIER = com.searchBarFun;
				PRODUCT_NAME = "$(TARGET_NAME)";
				SWIFT_VERSION = 3.0;
			};
			name = Release;
		};
		4431FFD11F585C8400CDEB21 /* Debug */ = {
			isa = XCBuildConfiguration;
			buildSettings = {
				ALWAYS_EMBED_SWIFT_STANDARD_LIBRARIES = YES;
				BUNDLE_LOADER = "$(TEST_HOST)";
				DEVELOPMENT_TEAM = JT5HQ7RT7B;
				INFOPLIST_FILE = searchBarFunTests/Info.plist;
				LD_RUNPATH_SEARCH_PATHS = "$(inherited) @executable_path/Frameworks @loader_path/Frameworks";
				PRODUCT_BUNDLE_IDENTIFIER = com.searchBarFunTests;
				PRODUCT_NAME = "$(TARGET_NAME)";
				SWIFT_VERSION = 3.0;
				TEST_HOST = "$(BUILT_PRODUCTS_DIR)/searchBarFun.app/searchBarFun";
			};
			name = Debug;
		};
		4431FFD21F585C8400CDEB21 /* Release */ = {
			isa = XCBuildConfiguration;
			buildSettings = {
				ALWAYS_EMBED_SWIFT_STANDARD_LIBRARIES = YES;
				BUNDLE_LOADER = "$(TEST_HOST)";
				DEVELOPMENT_TEAM = JT5HQ7RT7B;
				INFOPLIST_FILE = searchBarFunTests/Info.plist;
				LD_RUNPATH_SEARCH_PATHS = "$(inherited) @executable_path/Frameworks @loader_path/Frameworks";
				PRODUCT_BUNDLE_IDENTIFIER = com.searchBarFunTests;
				PRODUCT_NAME = "$(TARGET_NAME)";
				SWIFT_VERSION = 3.0;
				TEST_HOST = "$(BUILT_PRODUCTS_DIR)/searchBarFun.app/searchBarFun";
			};
			name = Release;
		};
		4431FFD41F585C8400CDEB21 /* Debug */ = {
			isa = XCBuildConfiguration;
			buildSettings = {
				ALWAYS_EMBED_SWIFT_STANDARD_LIBRARIES = YES;
				DEVELOPMENT_TEAM = JT5HQ7RT7B;
				INFOPLIST_FILE = searchBarFunUITests/Info.plist;
				LD_RUNPATH_SEARCH_PATHS = "$(inherited) @executable_path/Frameworks @loader_path/Frameworks";
				PRODUCT_BUNDLE_IDENTIFIER = com.searchBarFunUITests;
				PRODUCT_NAME = "$(TARGET_NAME)";
				SWIFT_VERSION = 3.0;
				TEST_TARGET_NAME = searchBarFun;
			};
			name = Debug;
		};
		4431FFD51F585C8400CDEB21 /* Release */ = {
			isa = XCBuildConfiguration;
			buildSettings = {
				ALWAYS_EMBED_SWIFT_STANDARD_LIBRARIES = YES;
				DEVELOPMENT_TEAM = JT5HQ7RT7B;
				INFOPLIST_FILE = searchBarFunUITests/Info.plist;
				LD_RUNPATH_SEARCH_PATHS = "$(inherited) @executable_path/Frameworks @loader_path/Frameworks";
				PRODUCT_BUNDLE_IDENTIFIER = com.searchBarFunUITests;
				PRODUCT_NAME = "$(TARGET_NAME)";
				SWIFT_VERSION = 3.0;
				TEST_TARGET_NAME = searchBarFun;
			};
			name = Release;
		};
/* End XCBuildConfiguration section */

/* Begin XCConfigurationList section */
		4431FFA01F585C8400CDEB21 /* Build configuration list for PBXProject "searchBarFun" */ = {
			isa = XCConfigurationList;
			buildConfigurations = (
				4431FFCB1F585C8400CDEB21 /* Debug */,
				4431FFCC1F585C8400CDEB21 /* Release */,
			);
			defaultConfigurationIsVisible = 0;
			defaultConfigurationName = Release;
		};
		4431FFCD1F585C8400CDEB21 /* Build configuration list for PBXNativeTarget "searchBarFun" */ = {
			isa = XCConfigurationList;
			buildConfigurations = (
				4431FFCE1F585C8400CDEB21 /* Debug */,
				4431FFCF1F585C8400CDEB21 /* Release */,
			);
			defaultConfigurationIsVisible = 0;
			defaultConfigurationName = Release;
		};
		4431FFD01F585C8400CDEB21 /* Build configuration list for PBXNativeTarget "searchBarFunTests" */ = {
			isa = XCConfigurationList;
			buildConfigurations = (
				4431FFD11F585C8400CDEB21 /* Debug */,
				4431FFD21F585C8400CDEB21 /* Release */,
			);
			defaultConfigurationIsVisible = 0;
			defaultConfigurationName = Release;
		};
		4431FFD31F585C8400CDEB21 /* Build configuration list for PBXNativeTarget "searchBarFunUITests" */ = {
			isa = XCConfigurationList;
			buildConfigurations = (
				4431FFD41F585C8400CDEB21 /* Debug */,
				4431FFD51F585C8400CDEB21 /* Release */,
			);
			defaultConfigurationIsVisible = 0;
			defaultConfigurationName = Release;
		};
/* End XCConfigurationList section */
	};
	rootObject = 4431FF9D1F585C8400CDEB21 /* Project object */;
}
